
Microsoft Visual Studio Solution File, Format Version 12.00
# Visual Studio Version 17
VisualStudioVersion = 17.8.34330.188
MinimumVisualStudioVersion = 10.0.40219.1
Project("{FAE04EC0-301F-11D3-BF4B-00C04F79EFBC}") = "ArrayList", "ArrayList\ArrayList.csproj", "{40270698-F8F9-420B-B19D-0D585718762B}"
EndProject
Global
	GlobalSection(SolutionConfigurationPlatforms) = preSolution
		Debug|Any CPU = Debug|Any CPU
		Release|Any CPU = Release|Any CPU
	EndGlobalSection
	GlobalSection(ProjectConfigurationPlatforms) = postSolution
		{40270698-F8F9-420B-B19D-0D585718762B}.Debug|Any CPU.ActiveCfg = Debug|Any CPU
		{40270698-F8F9-420B-B19D-0D585718762B}.Debug|Any CPU.Build.0 = Debug|Any CPU
		{40270698-F8F9-420B-B19D-0D585718762B}.Release|Any CPU.ActiveCfg = Release|Any CPU
		{40270698-F8F9-420B-B19D-0D585718762B}.Release|Any CPU.Build.0 = Release|Any CPU
	EndGlobalSection
	GlobalSection(SolutionProperties) = preSolution
		HideSolutionNode = FALSE
	EndGlobalSection
	GlobalSection(ExtensibilityGlobals) = postSolution
		SolutionGuid = {0CA2502E-2384-4689-9789-3CCC5332B903}
	EndGlobalSection
EndGlobal
